
Microsoft Visual Studio Solution File, Format Version 12.00
# Visual Studio Version 17
VisualStudioVersion = 17.9.34616.47
MinimumVisualStudioVersion = 10.0.40219.1
Project("{FAE04EC0-301F-11D3-BF4B-00C04F79EFBC}") = "AccesoDatos", "AccesoDatos\AccesoDatos.csproj", "{4E0A35FF-79E4-4536-90CE-51801C81A843}"
EndProject
Project("{FAE04EC0-301F-11D3-BF4B-00C04F79EFBC}") = "Datos", "Datos\Datos.csproj", "{790F27D2-4ADA-4398-B1AE-6B05227DCD9C}"
EndProject
Project("{FAE04EC0-301F-11D3-BF4B-00C04F79EFBC}") = "Negocio", "Negocio\Negocio.csproj", "{4B7C767B-5509-42C5-87D3-AE6B67AD49FB}"
EndProject
Project("{FAE04EC0-301F-11D3-BF4B-00C04F79EFBC}") = "API_SOA", "API_SOA\API_SOA.csproj", "{C9A64DEA-A544-4225-8A76-EC00F11431D1}"
EndProject
Project("{FAE04EC0-301F-11D3-BF4B-00C04F79EFBC}") = "API_REST", "API_REST\API_REST.csproj", "{AF07BC63-06D0-4CAC-84E0-A4CD1FF7B357}"
EndProject
Project("{FAE04EC0-301F-11D3-BF4B-00C04F79EFBC}") = "Pruebas", "Pruebas\Pruebas.csproj", "{EB8A0334-27DA-460D-8946-21F9748B5E17}"
EndProject
Global
	GlobalSection(SolutionConfigurationPlatforms) = preSolution
		Debug|Any CPU = Debug|Any CPU
		Release|Any CPU = Release|Any CPU
	EndGlobalSection
	GlobalSection(ProjectConfigurationPlatforms) = postSolution
		{4E0A35FF-79E4-4536-90CE-51801C81A843}.Debug|Any CPU.ActiveCfg = Debug|Any CPU
		{4E0A35FF-79E4-4536-90CE-51801C81A843}.Debug|Any CPU.Build.0 = Debug|Any CPU
		{4E0A35FF-79E4-4536-90CE-51801C81A843}.Release|Any CPU.ActiveCfg = Release|Any CPU
		{4E0A35FF-79E4-4536-90CE-51801C81A843}.Release|Any CPU.Build.0 = Release|Any CPU
		{790F27D2-4ADA-4398-B1AE-6B05227DCD9C}.Debug|Any CPU.ActiveCfg = Debug|Any CPU
		{790F27D2-4ADA-4398-B1AE-6B05227DCD9C}.Debug|Any CPU.Build.0 = Debug|Any CPU
		{790F27D2-4ADA-4398-B1AE-6B05227DCD9C}.Release|Any CPU.ActiveCfg = Release|Any CPU
		{790F27D2-4ADA-4398-B1AE-6B05227DCD9C}.Release|Any CPU.Build.0 = Release|Any CPU
		{4B7C767B-5509-42C5-87D3-AE6B67AD49FB}.Debug|Any CPU.ActiveCfg = Debug|Any CPU
		{4B7C767B-5509-42C5-87D3-AE6B67AD49FB}.Debug|Any CPU.Build.0 = Debug|Any CPU
		{4B7C767B-5509-42C5-87D3-AE6B67AD49FB}.Release|Any CPU.ActiveCfg = Release|Any CPU
		{4B7C767B-5509-42C5-87D3-AE6B67AD49FB}.Release|Any CPU.Build.0 = Release|Any CPU
		{C9A64DEA-A544-4225-8A76-EC00F11431D1}.Debug|Any CPU.ActiveCfg = Debug|Any CPU
		{C9A64DEA-A544-4225-8A76-EC00F11431D1}.Debug|Any CPU.Build.0 = Debug|Any CPU
		{C9A64DEA-A544-4225-8A76-EC00F11431D1}.Release|Any CPU.ActiveCfg = Release|Any CPU
		{C9A64DEA-A544-4225-8A76-EC00F11431D1}.Release|Any CPU.Build.0 = Release|Any CPU
		{AF07BC63-06D0-4CAC-84E0-A4CD1FF7B357}.Debug|Any CPU.ActiveCfg = Debug|Any CPU
		{AF07BC63-06D0-4CAC-84E0-A4CD1FF7B357}.Debug|Any CPU.Build.0 = Debug|Any CPU
		{AF07BC63-06D0-4CAC-84E0-A4CD1FF7B357}.Release|Any CPU.ActiveCfg = Release|Any CPU
		{AF07BC63-06D0-4CAC-84E0-A4CD1FF7B357}.Release|Any CPU.Build.0 = Release|Any CPU
		{EB8A0334-27DA-460D-8946-21F9748B5E17}.Debug|Any CPU.ActiveCfg = Debug|Any CPU
		{EB8A0334-27DA-460D-8946-21F9748B5E17}.Debug|Any CPU.Build.0 = Debug|Any CPU
		{EB8A0334-27DA-460D-8946-21F9748B5E17}.Release|Any CPU.ActiveCfg = Release|Any CPU
		{EB8A0334-27DA-460D-8946-21F9748B5E17}.Release|Any CPU.Build.0 = Release|Any CPU
	EndGlobalSection
	GlobalSection(SolutionProperties) = preSolution
		HideSolutionNode = FALSE
	EndGlobalSection
	GlobalSection(ExtensibilityGlobals) = postSolution
		SolutionGuid = {68659CF9-7E46-4D07-9541-A71393A819CF}
	EndGlobalSection
EndGlobal
